
Microsoft Visual Studio Solution File, Format Version 12.00
# Visual Studio Version 16
VisualStudioVersion = 16.0.29905.134
MinimumVisualStudioVersion = 10.0.40219.1
Project("{FAE04EC0-301F-11D3-BF4B-00C04F79EFBC}") = "GeneralPublisher.CollegeBox", "GeneralPublisher\GeneralPublisher.CollegeBox.csproj", "{F2780E55-175B-405A-BAD8-B6DF350C17E4}"
EndProject
Project("{2150E333-8FDC-42A3-9474-1A3956D46DE8}") = "Src", "Src", "{111ADA92-21DF-4E8B-9407-93070FED2B51}"
EndProject
Global
	GlobalSection(SolutionConfigurationPlatforms) = preSolution
		Debug|Any CPU = Debug|Any CPU
		Release|Any CPU = Release|Any CPU
	EndGlobalSection
	GlobalSection(ProjectConfigurationPlatforms) = postSolution
		{F2780E55-175B-405A-BAD8-B6DF350C17E4}.Debug|Any CPU.ActiveCfg = Debug|Any CPU
		{F2780E55-175B-405A-BAD8-B6DF350C17E4}.Debug|Any CPU.Build.0 = Debug|Any CPU
		{F2780E55-175B-405A-BAD8-B6DF350C17E4}.Release|Any CPU.ActiveCfg = Release|Any CPU
		{F2780E55-175B-405A-BAD8-B6DF350C17E4}.Release|Any CPU.Build.0 = Release|Any CPU
	EndGlobalSection
	GlobalSection(SolutionProperties) = preSolution
		HideSolutionNode = FALSE
	EndGlobalSection
	GlobalSection(NestedProjects) = preSolution
		{F2780E55-175B-405A-BAD8-B6DF350C17E4} = {111ADA92-21DF-4E8B-9407-93070FED2B51}
	EndGlobalSection
	GlobalSection(ExtensibilityGlobals) = postSolution
		SolutionGuid = {54384183-A5E1-4531-B055-4A7DB8C783B5}
	EndGlobalSection
EndGlobal
